hash: 61b47d91a1b04eb8173ba6035762cd047d1ad14b949c34ccc6a4aa4a7e24ea2b
updated: 2017-07-02T22:43:20.953624718+02:00
imports:
- name: github.com/containous/flaeg
  version: b5d2dc5878df07c2d74413348186982e7b865871
- name: github.com/golang/protobuf
  version: 7a211bcf3bce0e3f1d74f9894916e6f116ae83b4
  subpackages:
  - proto
- name: github.com/google/go-github
  version: 4c4aea2b66bd1d26305d40a307bfa377d24f9c8c
  subpackages:
  - github
- name: github.com/google/go-querystring
  version: 53e6ce116135b80d037921a7fdd5138cf32d7a8a
  subpackages:
  - query
- name: github.com/ldez/go-git-cmd-wrapper
  version: 79c058f1cf4cbce22213b8b6570abfdd7a647a3c
  subpackages:
  - checkout
  - clone
  - config
  - fetch
  - git
  - push
  - rebase
  - remote
  - types
- name: github.com/ogier/pflag
  version: 45c278ab3607870051a2ea9040bb85fcb8557481
- name: golang.org/x/net
  version: 4876518f9e71663000c348837735820161a42df7
  subpackages:
  - context
- name: golang.org/x/oauth2
  version: f047394b6d14284165300fd82dad67edb3a4d7f6
  subpackages:
  - internal
- name: google.golang.org/appengine
  version: d11fc8a8dccf41ab5bd3c51a3ea52051240e325c
  subpackages:
  - internal
  - internal/app_identity
  - internal/base
  - internal/datastore
  - internal/log
  - internal/modules
  - internal/remote_api
  - internal/urlfetch
  - urlfetch
testImports: []
