hash: cc232f09d6bfd05c2c398ef3ddb53bd47830fd7bab957aac96fd9b68ea86d887
updated: 2017-06-18T01:12:27.364698845+02:00
imports:
- name: github.com/containous/flaeg
  version: b5d2dc5878df07c2d74413348186982e7b865871
- name: github.com/golang/protobuf
  version: 2bba0603135d7d7f5cb73b2125beeda19c09f4ef
  subpackages:
  - proto
- name: github.com/google/go-github
  version: 6896997c7c9fe603fb9d2e8e92303bb18481e60a
  subpackages:
  - github
- name: github.com/google/go-querystring
  version: 53e6ce116135b80d037921a7fdd5138cf32d7a8a
  subpackages:
  - query
- name: github.com/ldez/go-git-cmd-wrapper
  version: fba46f5bcc259cbd1f0ffd9a4d438e47fe32539c
  subpackages:
  - checkout
  - clone
  - config
  - fetch
  - git
  - push
  - rebase
  - remote
  - types
- name: github.com/ogier/pflag
  version: 45c278ab3607870051a2ea9040bb85fcb8557481
- name: golang.org/x/net
  version: 242b6b35177ec3909636b6cf6a47e8c2c6324b5d
  subpackages:
  - context
- name: golang.org/x/oauth2
  version: f047394b6d14284165300fd82dad67edb3a4d7f6
  subpackages:
  - internal
- name: google.golang.org/appengine
  version: 4f7eeb5305a4ba1966344836ba4af9996b7b4e05
  subpackages:
  - internal
  - internal/app_identity
  - internal/base
  - internal/datastore
  - internal/log
  - internal/modules
  - internal/remote_api
  - internal/urlfetch
  - urlfetch
testImports: []
